
Microsoft Visual Studio Solution File, Format Version 12.00
# Visual Studio Version 17
VisualStudioVersion = 17.4.33205.214
MinimumVisualStudioVersion = 10.0.40219.1
Project("{FAE04EC0-301F-11D3-BF4B-00C04F79EFBC}") = "sdu.bachelor.microservice.catalog", "sdu.bachelor.microservice.catalog\sdu.bachelor.microservice.catalog.csproj", "{AA78033E-B75F-4238-A577-DD8D38C87CA5}"
EndProject
Project("{FAE04EC0-301F-11D3-BF4B-00C04F79EFBC}") = "sdu.bachelor.microservice.order", "sdu.bachelor.microservice.order\sdu.bachelor.microservice.order.csproj", "{57C51AD8-6A29-4E57-87C8-0ABE217EA662}"
EndProject
Project("{FAE04EC0-301F-11D3-BF4B-00C04F79EFBC}") = "sdu.bachelor.microservice.basket", "sdu.bachelor.microservice.basket\sdu.bachelor.microservice.basket.csproj", "{34FB1A92-2C3C-4CD2-BBFB-A8DE993B4B2D}"
EndProject
Project("{FAE04EC0-301F-11D3-BF4B-00C04F79EFBC}") = "sdu.bachelor.microservice.shipping", "sdu.bachelor.microservice.shipping\sdu.bachelor.microservice.shipping.csproj", "{36E11761-F310-4E50-AD86-1A1BEA012FC3}"
EndProject
Project("{FAE04EC0-301F-11D3-BF4B-00C04F79EFBC}") = "sdu.bachelor.microservice.payment", "sdu.bachelor.microservice.payment\sdu.bachelor.microservice.payment.csproj", "{856C8656-F2C4-4974-B8AC-457F763096B4}"
EndProject
Project("{FAE04EC0-301F-11D3-BF4B-00C04F79EFBC}") = "sdu.bachelor.microservice.common", "sdu.bachelor.microservice.common\sdu.bachelor.microservice.common.csproj", "{7B252FB5-1CB1-42B5-839C-80C3BFD906F3}"
EndProject
Project("{FAE04EC0-301F-11D3-BF4B-00C04F79EFBC}") = "sdu.mircroservice.order.Tests", "sdu.mircroservice.order.Tests\sdu.mircroservice.order.Tests.csproj", "{BFE0F3C5-F78C-40E7-8CB3-FEF824F5EDCE}"
EndProject
Global
	GlobalSection(SolutionProperties) = preSolution
		HideSolutionNode = FALSE
	EndGlobalSection
	GlobalSection(ExtensibilityGlobals) = postSolution
		SolutionGuid = {042E359C-044F-416B-9DD1-7734BE49C090}
	EndGlobalSection
	GlobalSection(SolutionConfigurationPlatforms) = preSolution
		Debug|Any CPU = Debug|Any CPU
		Debug|x64 = Debug|x64
		Debug|x86 = Debug|x86
		Release|Any CPU = Release|Any CPU
		Release|x64 = Release|x64
		Release|x86 = Release|x86
	EndGlobalSection
	GlobalSection(ProjectConfigurationPlatforms) = postSolution
		{AA78033E-B75F-4238-A577-DD8D38C87CA5}.Debug|Any CPU.ActiveCfg = Debug|Any CPU
		{AA78033E-B75F-4238-A577-DD8D38C87CA5}.Debug|Any CPU.Build.0 = Debug|Any CPU
		{AA78033E-B75F-4238-A577-DD8D38C87CA5}.Debug|x64.ActiveCfg = Debug|Any CPU
		{AA78033E-B75F-4238-A577-DD8D38C87CA5}.Debug|x64.Build.0 = Debug|Any CPU
		{AA78033E-B75F-4238-A577-DD8D38C87CA5}.Debug|x86.ActiveCfg = Debug|Any CPU
		{AA78033E-B75F-4238-A577-DD8D38C87CA5}.Debug|x86.Build.0 = Debug|Any CPU
		{AA78033E-B75F-4238-A577-DD8D38C87CA5}.Release|Any CPU.ActiveCfg = Release|Any CPU
		{AA78033E-B75F-4238-A577-DD8D38C87CA5}.Release|Any CPU.Build.0 = Release|Any CPU
		{AA78033E-B75F-4238-A577-DD8D38C87CA5}.Release|x64.ActiveCfg = Release|Any CPU
		{AA78033E-B75F-4238-A577-DD8D38C87CA5}.Release|x64.Build.0 = Release|Any CPU
		{AA78033E-B75F-4238-A577-DD8D38C87CA5}.Release|x86.ActiveCfg = Release|Any CPU
		{AA78033E-B75F-4238-A577-DD8D38C87CA5}.Release|x86.Build.0 = Release|Any CPU
		{57C51AD8-6A29-4E57-87C8-0ABE217EA662}.Debug|Any CPU.ActiveCfg = Debug|Any CPU
		{57C51AD8-6A29-4E57-87C8-0ABE217EA662}.Debug|Any CPU.Build.0 = Debug|Any CPU
		{57C51AD8-6A29-4E57-87C8-0ABE217EA662}.Debug|x64.ActiveCfg = Debug|Any CPU
		{57C51AD8-6A29-4E57-87C8-0ABE217EA662}.Debug|x64.Build.0 = Debug|Any CPU
		{57C51AD8-6A29-4E57-87C8-0ABE217EA662}.Debug|x86.ActiveCfg = Debug|Any CPU
		{57C51AD8-6A29-4E57-87C8-0ABE217EA662}.Debug|x86.Build.0 = Debug|Any CPU
		{57C51AD8-6A29-4E57-87C8-0ABE217EA662}.Release|Any CPU.ActiveCfg = Release|Any CPU
		{57C51AD8-6A29-4E57-87C8-0ABE217EA662}.Release|Any CPU.Build.0 = Release|Any CPU
		{57C51AD8-6A29-4E57-87C8-0ABE217EA662}.Release|x64.ActiveCfg = Release|Any CPU
		{57C51AD8-6A29-4E57-87C8-0ABE217EA662}.Release|x64.Build.0 = Release|Any CPU
		{57C51AD8-6A29-4E57-87C8-0ABE217EA662}.Release|x86.ActiveCfg = Release|Any CPU
		{57C51AD8-6A29-4E57-87C8-0ABE217EA662}.Release|x86.Build.0 = Release|Any CPU
		{34FB1A92-2C3C-4CD2-BBFB-A8DE993B4B2D}.Debug|Any CPU.ActiveCfg = Debug|Any CPU
		{34FB1A92-2C3C-4CD2-BBFB-A8DE993B4B2D}.Debug|Any CPU.Build.0 = Debug|Any CPU
		{34FB1A92-2C3C-4CD2-BBFB-A8DE993B4B2D}.Debug|x64.ActiveCfg = Debug|Any CPU
		{34FB1A92-2C3C-4CD2-BBFB-A8DE993B4B2D}.Debug|x64.Build.0 = Debug|Any CPU
		{34FB1A92-2C3C-4CD2-BBFB-A8DE993B4B2D}.Debug|x86.ActiveCfg = Debug|Any CPU
		{34FB1A92-2C3C-4CD2-BBFB-A8DE993B4B2D}.Debug|x86.Build.0 = Debug|Any CPU
		{34FB1A92-2C3C-4CD2-BBFB-A8DE993B4B2D}.Release|Any CPU.ActiveCfg = Release|Any CPU
		{34FB1A92-2C3C-4CD2-BBFB-A8DE993B4B2D}.Release|Any CPU.Build.0 = Release|Any CPU
		{34FB1A92-2C3C-4CD2-BBFB-A8DE993B4B2D}.Release|x64.ActiveCfg = Release|Any CPU
		{34FB1A92-2C3C-4CD2-BBFB-A8DE993B4B2D}.Release|x64.Build.0 = Release|Any CPU
		{34FB1A92-2C3C-4CD2-BBFB-A8DE993B4B2D}.Release|x86.ActiveCfg = Release|Any CPU
		{34FB1A92-2C3C-4CD2-BBFB-A8DE993B4B2D}.Release|x86.Build.0 = Release|Any CPU
		{36E11761-F310-4E50-AD86-1A1BEA012FC3}.Debug|Any CPU.ActiveCfg = Debug|Any CPU
		{36E11761-F310-4E50-AD86-1A1BEA012FC3}.Debug|Any CPU.Build.0 = Debug|Any CPU
		{36E11761-F310-4E50-AD86-1A1BEA012FC3}.Debug|x64.ActiveCfg = Debug|Any CPU
		{36E11761-F310-4E50-AD86-1A1BEA012FC3}.Debug|x64.Build.0 = Debug|Any CPU
		{36E11761-F310-4E50-AD86-1A1BEA012FC3}.Debug|x86.ActiveCfg = Debug|Any CPU
		{36E11761-F310-4E50-AD86-1A1BEA012FC3}.Debug|x86.Build.0 = Debug|Any CPU
		{36E11761-F310-4E50-AD86-1A1BEA012FC3}.Release|Any CPU.ActiveCfg = Release|Any CPU
		{36E11761-F310-4E50-AD86-1A1BEA012FC3}.Release|Any CPU.Build.0 = Release|Any CPU
		{36E11761-F310-4E50-AD86-1A1BEA012FC3}.Release|x64.ActiveCfg = Release|Any CPU
		{36E11761-F310-4E50-AD86-1A1BEA012FC3}.Release|x64.Build.0 = Release|Any CPU
		{36E11761-F310-4E50-AD86-1A1BEA012FC3}.Release|x86.ActiveCfg = Release|Any CPU
		{36E11761-F310-4E50-AD86-1A1BEA012FC3}.Release|x86.Build.0 = Release|Any CPU
		{856C8656-F2C4-4974-B8AC-457F763096B4}.Debug|Any CPU.ActiveCfg = Debug|Any CPU
		{856C8656-F2C4-4974-B8AC-457F763096B4}.Debug|Any CPU.Build.0 = Debug|Any CPU
		{856C8656-F2C4-4974-B8AC-457F763096B4}.Debug|x64.ActiveCfg = Debug|Any CPU
		{856C8656-F2C4-4974-B8AC-457F763096B4}.Debug|x64.Build.0 = Debug|Any CPU
		{856C8656-F2C4-4974-B8AC-457F763096B4}.Debug|x86.ActiveCfg = Debug|Any CPU
		{856C8656-F2C4-4974-B8AC-457F763096B4}.Debug|x86.Build.0 = Debug|Any CPU
		{856C8656-F2C4-4974-B8AC-457F763096B4}.Release|Any CPU.ActiveCfg = Release|Any CPU
		{856C8656-F2C4-4974-B8AC-457F763096B4}.Release|Any CPU.Build.0 = Release|Any CPU
		{856C8656-F2C4-4974-B8AC-457F763096B4}.Release|x64.ActiveCfg = Release|Any CPU
		{856C8656-F2C4-4974-B8AC-457F763096B4}.Release|x64.Build.0 = Release|Any CPU
		{856C8656-F2C4-4974-B8AC-457F763096B4}.Release|x86.ActiveCfg = Release|Any CPU
		{856C8656-F2C4-4974-B8AC-457F763096B4}.Release|x86.Build.0 = Release|Any CPU
		{7B252FB5-1CB1-42B5-839C-80C3BFD906F3}.Debug|Any CPU.ActiveCfg = Debug|Any CPU
		{7B252FB5-1CB1-42B5-839C-80C3BFD906F3}.Debug|Any CPU.Build.0 = Debug|Any CPU
		{7B252FB5-1CB1-42B5-839C-80C3BFD906F3}.Debug|x64.ActiveCfg = Debug|Any CPU
		{7B252FB5-1CB1-42B5-839C-80C3BFD906F3}.Debug|x64.Build.0 = Debug|Any CPU
		{7B252FB5-1CB1-42B5-839C-80C3BFD906F3}.Debug|x86.ActiveCfg = Debug|Any CPU
		{7B252FB5-1CB1-42B5-839C-80C3BFD906F3}.Debug|x86.Build.0 = Debug|Any CPU
		{7B252FB5-1CB1-42B5-839C-80C3BFD906F3}.Release|Any CPU.ActiveCfg = Release|Any CPU
		{7B252FB5-1CB1-42B5-839C-80C3BFD906F3}.Release|Any CPU.Build.0 = Release|Any CPU
		{7B252FB5-1CB1-42B5-839C-80C3BFD906F3}.Release|x64.ActiveCfg = Release|Any CPU
		{7B252FB5-1CB1-42B5-839C-80C3BFD906F3}.Release|x64.Build.0 = Release|Any CPU
		{7B252FB5-1CB1-42B5-839C-80C3BFD906F3}.Release|x86.ActiveCfg = Release|Any CPU
		{7B252FB5-1CB1-42B5-839C-80C3BFD906F3}.Release|x86.Build.0 = Release|Any CPU
		{BFE0F3C5-F78C-40E7-8CB3-FEF824F5EDCE}.Debug|Any CPU.ActiveCfg = Debug|Any CPU
		{BFE0F3C5-F78C-40E7-8CB3-FEF824F5EDCE}.Debug|Any CPU.Build.0 = Debug|Any CPU
		{BFE0F3C5-F78C-40E7-8CB3-FEF824F5EDCE}.Debug|x64.ActiveCfg = Debug|Any CPU
		{BFE0F3C5-F78C-40E7-8CB3-FEF824F5EDCE}.Debug|x64.Build.0 = Debug|Any CPU
		{BFE0F3C5-F78C-40E7-8CB3-FEF824F5EDCE}.Debug|x86.ActiveCfg = Debug|Any CPU
		{BFE0F3C5-F78C-40E7-8CB3-FEF824F5EDCE}.Debug|x86.Build.0 = Debug|Any CPU
		{BFE0F3C5-F78C-40E7-8CB3-FEF824F5EDCE}.Release|Any CPU.ActiveCfg = Release|Any CPU
		{BFE0F3C5-F78C-40E7-8CB3-FEF824F5EDCE}.Release|Any CPU.Build.0 = Release|Any CPU
		{BFE0F3C5-F78C-40E7-8CB3-FEF824F5EDCE}.Release|x64.ActiveCfg = Release|Any CPU
		{BFE0F3C5-F78C-40E7-8CB3-FEF824F5EDCE}.Release|x64.Build.0 = Release|Any CPU
		{BFE0F3C5-F78C-40E7-8CB3-FEF824F5EDCE}.Release|x86.ActiveCfg = Release|Any CPU
		{BFE0F3C5-F78C-40E7-8CB3-FEF824F5EDCE}.Release|x86.Build.0 = Release|Any CPU
	EndGlobalSection
EndGlobal
